
Microsoft Visual Studio Solution File, Format Version 12.00
# Visual Studio Version 16
VisualStudioVersion = 16.0.29609.76
MinimumVisualStudioVersion = 10.0.40219.1
Project("{FAE04EC0-301F-11D3-BF4B-00C04F79EFBC}") = "brokfy.dashboard.api", "brokfy.dashboard.api\brokfy.dashboard.api.csproj", "{D3AEA5B2-C8B6-4225-849D-AD833EC84F51}"
EndProject
Project("{FAE04EC0-301F-11D3-BF4B-00C04F79EFBC}") = "brokfy.dashboard.api.data", "brokfy.dashboard.api.data\brokfy.dashboard.api.data.csproj", "{38E2F364-D0D9-4BB1-BB64-2D979CD5D8F0}"
EndProject
Global
	GlobalSection(SolutionConfigurationPlatforms) = preSolution
		Debug|Any CPU = Debug|Any CPU
		Release|Any CPU = Release|Any CPU
	EndGlobalSection
	GlobalSection(ProjectConfigurationPlatforms) = postSolution
		{D3AEA5B2-C8B6-4225-849D-AD833EC84F51}.Debug|Any CPU.ActiveCfg = Debug|Any CPU
		{D3AEA5B2-C8B6-4225-849D-AD833EC84F51}.Debug|Any CPU.Build.0 = Debug|Any CPU
		{D3AEA5B2-C8B6-4225-849D-AD833EC84F51}.Release|Any CPU.ActiveCfg = Release|Any CPU
		{D3AEA5B2-C8B6-4225-849D-AD833EC84F51}.Release|Any CPU.Build.0 = Release|Any CPU
		{38E2F364-D0D9-4BB1-BB64-2D979CD5D8F0}.Debug|Any CPU.ActiveCfg = Debug|Any CPU
		{38E2F364-D0D9-4BB1-BB64-2D979CD5D8F0}.Debug|Any CPU.Build.0 = Debug|Any CPU
		{38E2F364-D0D9-4BB1-BB64-2D979CD5D8F0}.Release|Any CPU.ActiveCfg = Release|Any CPU
		{38E2F364-D0D9-4BB1-BB64-2D979CD5D8F0}.Release|Any CPU.Build.0 = Release|Any CPU
	EndGlobalSection
	GlobalSection(SolutionProperties) = preSolution
		HideSolutionNode = FALSE
	EndGlobalSection
	GlobalSection(ExtensibilityGlobals) = postSolution
		SolutionGuid = {375E702A-011F-4CE8-AF8C-AD002389337C}
	EndGlobalSection
EndGlobal
